{
  "name": "pendo-flags",
  "lockfileVersion": 3,
  "requires": true,
  "packages": {
    "": {
      "name": "pendo-flags",
      "workspaces": [
        "packages/*"
      ],
      "devDependencies": {
        "typescript": "^5.3.0"
      }
    },
    "node_modules/@openfeature/core": {
      "version": "1.9.2",
      "resolved": "https://registry.npmjs.org/@openfeature/core/-/core-1.9.2.tgz",
      "integrity": "sha512-0lX0xYTflLrjiYNlareYmdV98xEddR5+PhcuoGvH+BMIqpZ2icAC7us9Uv86KRVqofXvpAUwpP32wgqmtUFs8Q==",
      "dev": true,
      "license": "Apache-2.0",
      "peer": true
    },
    "node_modules/@openfeature/server-sdk": {
      "version": "1.20.2",
      "resolved": "https://registry.npmjs.org/@openfeature/server-sdk/-/server-sdk-1.20.2.tgz",
      "integrity": "sha512-JaaYhsX4CA/QTIXdQfDpD9zcxew5EHuWxJjL+Ctp3L4FXC2gEAZ3s1DaCJU6aFOF285dJH3zAoeU64EJvxCaAw==",
      "dev": true,
      "license": "Apache-2.0",
      "engines": {
        "node": ">=20"
      },
      "peerDependencies": {
        "@openfeature/core": "^1.9.2"
      }
    },
    "node_modules/@openfeature/web-sdk": {
      "version": "1.7.3",
      "resolved": "https://registry.npmjs.org/@openfeature/web-sdk/-/web-sdk-1.7.3.tgz",
      "integrity": "sha512-WrerPh3KwtpyNGHtWfWgbBnIv3iyOimnsljXJnx2UMcFzQNmj3xgsUZRvE/gAb+BTgz22+kvks1EXA/DJRmhpg==",
      "dev": true,
      "license": "Apache-2.0",
      "peerDependencies": {
        "@openfeature/core": "^1.9.2"
      }
    },
    "node_modules/@pendo/openfeature-server-provider": {
      "resolved": "packages/server-provider",
      "link": true
    },
    "node_modules/@pendo/openfeature-web-provider": {
      "resolved": "packages/web-provider",
      "link": true
    },
    "node_modules/@types/node": {
      "version": "20.19.33",
      "resolved": "https://registry.npmjs.org/@types/node/-/node-20.19.33.tgz",
      "integrity": "sha512-Rs1bVAIdBs5gbTIKza/tgpMuG1k3U/UMJLWecIMxNdJFDMzcM5LOiLVRYh3PilWEYDIeUDv7bpiHPLPsbydGcw==",
      "dev": true,
      "license": "MIT",
      "dependencies": {
        "undici-types": "~6.21.0"
      }
    },
    "node_modules/@types/pako": {
      "version": "2.0.4",
      "resolved": "https://registry.npmjs.org/@types/pako/-/pako-2.0.4.tgz",
      "integrity": "sha512-VWDCbrLeVXJM9fihYodcLiIv0ku+AlOa/TQ1SvYOaBuyrSKgEcro95LJyIsJ4vSo6BXIxOKxiJAat04CmST9Fw==",
      "dev": true,
      "license": "MIT"
    },
    "node_modules/pako": {
      "version": "2.1.0",
      "resolved": "https://registry.npmjs.org/pako/-/pako-2.1.0.tgz",
      "integrity": "sha512-w+eufiZ1WuJYgPXbV/PO3NCMEc3xqylkKHzp8bxp1uW4qaSNQUkwmLLEc3kKsfz8lpV1F8Ht3U1Cm+9Srog2ug==",
      "license": "(MIT AND Zlib)"
    },
    "node_modules/typescript": {
      "version": "5.9.3",
      "resolved": "https://registry.npmjs.org/typescript/-/typescript-5.9.3.tgz",
      "integrity": "sha512-jl1vZzPDinLr9eUt3J/t7V6FgNEw9QjvBPdysz9KfQDD41fQrC2Y4vKQdiaUpFT4bXlb1RHhLpp8wtm6M5TgSw==",
      "dev": true,
      "license": "Apache-2.0",
      "bin": {
        "tsc": "bin/tsc",
        "tsserver": "bin/tsserver"
      },
      "engines": {
        "node": ">=14.17"
      }
    },
    "node_modules/undici-types": {
      "version": "6.21.0",
      "resolved": "https://registry.npmjs.org/undici-types/-/undici-types-6.21.0.tgz",
      "integrity": "sha512-iwDZqg0QAGrg9Rav5H4n0M64c3mkR59cJ6wQp+7C4nI0gsmExaedaYLNO44eT4AtBBwjbTiGPMlt2Md0T9H9JQ==",
      "dev": true,
      "license": "MIT"
    },
    "packages/server-provider": {
      "name": "@pendo/openfeature-server-provider",
      "version": "0.1.0",
      "license": "MIT",
      "dependencies": {
        "pako": "^2.1.0"
      },
      "devDependencies": {
        "@openfeature/server-sdk": "^1.0.0",
        "@types/node": "^20.0.0",
        "@types/pako": "^2.0.3",
        "typescript": "^5.3.0"
      },
      "peerDependencies": {
        "@openfeature/server-sdk": "^1.0.0"
      }
    },
    "packages/web-provider": {
      "name": "@pendo/openfeature-web-provider",
      "version": "0.1.0",
      "license": "MIT",
      "devDependencies": {
        "@openfeature/web-sdk": "^1.0.0",
        "@types/node": "^20.0.0",
        "typescript": "^5.3.0"
      },
      "peerDependencies": {
        "@openfeature/web-sdk": "^1.0.0"
      }
    }
  }
}
